
Microsoft Visual Studio Solution File, Format Version 12.00
# Visual Studio Version 17
VisualStudioVersion = 17.13.35818.85 d17.13
MinimumVisualStudioVersion = 10.0.40219.1
Project("{888888A0-9F3D-457C-B088-3A5042F75D52}") = "array-operations-processor-py", "array-operations-processor-py.pyproj", "{A9A844FA-FE2A-483A-880B-EC99B541C4DB}"
EndProject
Global
	GlobalSection(SolutionConfigurationPlatforms) = preSolution
		Debug|Any CPU = Debug|Any CPU
		Release|Any CPU = Release|Any CPU
	EndGlobalSection
	GlobalSection(ProjectConfigurationPlatforms) = postSolution
		{A9A844FA-FE2A-483A-880B-EC99B541C4DB}.Debug|Any CPU.ActiveCfg = Debug|Any CPU
		{A9A844FA-FE2A-483A-880B-EC99B541C4DB}.Release|Any CPU.ActiveCfg = Release|Any CPU
	EndGlobalSection
	GlobalSection(SolutionProperties) = preSolution
		HideSolutionNode = FALSE
	EndGlobalSection
	GlobalSection(ExtensibilityGlobals) = postSolution
		SolutionGuid = {ABCFA882-2D56-4642-9A10-4E37C3B5837C}
	EndGlobalSection
EndGlobal
